{
  "version": 4,
  "terraform_version": "1.15.5",
  "serial": 10,
  "lineage": "fdb79cc1-85f4-bafc-1302-3cb31eb25745",
  "outputs": {
    "created_file": {
      "value": "./hello.txt",
      "type": "string"
    }
  },
  "resources": [
    {
      "mode": "managed",
      "type": "local_file",
      "name": "config",
      "provider": "provider[\"registry.terraform.io/hashicorp/local\"]",
      "instances": [
        {
          "schema_version": 0,
          "attributes": {
            "content": "This is a config file",
            "content_base64": null,
            "content_base64sha256": "bvlD+fnYGFlIJkBF6EwzRY19goqPCfUBUDW6jcJqP58=",
            "content_base64sha512": "D0JyON1BYkpRTtEDuWuqnto64HggwnePkMKmH9E84XkDeLmYNdAHQuFZBQNF8EFXZVArtx8hDmUfVcV4QSYCMw==",
            "content_md5": "0b07d0dea1caabc3b5287ed8c2212dd8",
            "content_sha1": "d24164c6a812e1e9209d0f2b1959d1f0970f0775",
            "content_sha256": "6ef943f9f9d8185948264045e84c33458d7d828a8f09f5015035ba8dc26a3f9f",
            "content_sha512": "0f427238dd41624a514ed103b96baa9eda3ae07820c2778f90c2a61fd13ce1790378b99835d00742e159050345f0415765502bb71f210e651f55c57841260233",
            "directory_permission": "0777",
            "file_permission": "0777",
            "filename": "./config.txt",
            "id": "d24164c6a812e1e9209d0f2b1959d1f0970f0775",
            "sensitive_content": null,
            "source": null
          },
          "sensitive_attributes": [
            [
              {
                "type": "get_attr",
                "value": "sensitive_content"
              }
            ]
          ],
          "identity_schema_version": 0
        }
      ]
    },
    {
      "mode": "managed",
      "type": "local_file",
      "name": "example",
      "provider": "provider[\"registry.terraform.io/hashicorp/local\"]",
      "instances": [
        {
          "schema_version": 0,
          "attributes": {
            "content": "Hello from Terraform variables!",
            "content_base64": null,
            "content_base64sha256": "f7nME/Po4lvApu9SCYJgAwwN15s2SD+a9sARRE/KfYU=",
            "content_base64sha512": "6kkRQmOd+RqdFXaVrmy1PbIZpkhpAI413nXx8DAUekUqhdjU+DM4ILbc3Sf1kmVFRG7jI+fhMmcD76oN85jlMg==",
            "content_md5": "75d22cd02d313539f39ce11ee23831c5",
            "content_sha1": "238f2c1d1a5dd6fe667a6eb58f85622a33d5c629",
            "content_sha256": "7fb9cc13f3e8e25bc0a6ef52098260030c0dd79b36483f9af6c011444fca7d85",
            "content_sha512": "ea491142639df91a9d157695ae6cb53db219a64869008e35de75f1f030147a452a85d8d4f8333820b6dcdd27f5926545446ee323e7e1326703efaa0df398e532",
            "directory_permission": "0777",
            "file_permission": "0777",
            "filename": "./hello.txt",
            "id": "238f2c1d1a5dd6fe667a6eb58f85622a33d5c629",
            "sensitive_content": null,
            "source": null
          },
          "sensitive_attributes": [
            [
              {
                "type": "get_attr",
                "value": "sensitive_content"
              }
            ]
          ],
          "identity_schema_version": 0
        }
      ]
    },
    {
      "mode": "managed",
      "type": "local_file",
      "name": "readme",
      "provider": "provider[\"registry.terraform.io/hashicorp/local\"]",
      "instances": [
        {
          "schema_version": 0,
          "attributes": {
            "content": "This is a readme file",
            "content_base64": null,
            "content_base64sha256": "urHxwNgoAPOzFS5CtYtllGCawgWEFwlcck8U43uPbO4=",
            "content_base64sha512": "obscHWKOHU5YUVQ+DJ0er54JipCjGNl4Xr+y4ENHdt/sKvcBp7fMVW2/JwNS8CfQhGpoemFKwFsBfgcLEocxCQ==",
            "content_md5": "26d0228af6beb3bb2466db955d92b709",
            "content_sha1": "e30656d73333c004f7dbaa262df9814411aaf66c",
            "content_sha256": "bab1f1c0d82800f3b3152e42b58b6594609ac2058417095c724f14e37b8f6cee",
            "content_sha512": "a1bb1c1d628e1d4e5851543e0c9d1eaf9e098a90a318d9785ebfb2e0434776dfec2af701a7b7cc556dbf270352f027d0846a687a614ac05b017e070b12873109",
            "directory_permission": "0777",
            "file_permission": "0777",
            "filename": "./readme.txt",
            "id": "e30656d73333c004f7dbaa262df9814411aaf66c",
            "sensitive_content": null,
            "source": null
          },
          "sensitive_attributes": [
            [
              {
                "type": "get_attr",
                "value": "sensitive_content"
              }
            ]
          ],
          "identity_schema_version": 0
        }
      ]
    }
  ],
  "check_results": null
}
